
Microsoft Visual Studio Solution File, Format Version 12.00
# Visual Studio Version 16
VisualStudioVersion = 16.0.32002.261
MinimumVisualStudioVersion = 10.0.40219.1
Project("{8BC9CEB8-8B4A-11D0-8D11-00A0C91BC942}") = "BaekJoon_11899 괄호 끼워넣기", "BaekJoon_11899 괄호 끼워넣기\BaekJoon_11899 괄호 끼워넣기.vcxproj", "{9E93D961-1C7D-41AC-A548-EA76D5D8F72A}"
EndProject
Global
	GlobalSection(SolutionConfigurationPlatforms) = preSolution
		Debug|x64 = Debug|x64
		Debug|x86 = Debug|x86
		Release|x64 = Release|x64
		Release|x86 = Release|x86
	EndGlobalSection
	GlobalSection(ProjectConfigurationPlatforms) = postSolution
		{9E93D961-1C7D-41AC-A548-EA76D5D8F72A}.Debug|x64.ActiveCfg = Debug|x64
		{9E93D961-1C7D-41AC-A548-EA76D5D8F72A}.Debug|x64.Build.0 = Debug|x64
		{9E93D961-1C7D-41AC-A548-EA76D5D8F72A}.Debug|x86.ActiveCfg = Debug|Win32
		{9E93D961-1C7D-41AC-A548-EA76D5D8F72A}.Debug|x86.Build.0 = Debug|Win32
		{9E93D961-1C7D-41AC-A548-EA76D5D8F72A}.Release|x64.ActiveCfg = Release|x64
		{9E93D961-1C7D-41AC-A548-EA76D5D8F72A}.Release|x64.Build.0 = Release|x64
		{9E93D961-1C7D-41AC-A548-EA76D5D8F72A}.Release|x86.ActiveCfg = Release|Win32
		{9E93D961-1C7D-41AC-A548-EA76D5D8F72A}.Release|x86.Build.0 = Release|Win32
	EndGlobalSection
	GlobalSection(SolutionProperties) = preSolution
		HideSolutionNode = FALSE
	EndGlobalSection
	GlobalSection(ExtensibilityGlobals) = postSolution
		SolutionGuid = {7D443034-3D9D-4AEE-AE3C-3E5EA90E15AF}
	EndGlobalSection
EndGlobal
